
Microsoft Visual Studio Solution File, Format Version 12.00
# Visual Studio Version 17
VisualStudioVersion = 17.5.33627.172
MinimumVisualStudioVersion = 10.0.40219.1
Project("{FAE04EC0-301F-11D3-BF4B-00C04F79EFBC}") = "BenchStoreMVC", "BenchStoreMVC\BenchStoreMVC.csproj", "{DB372358-1604-4BF4-9A2A-87FD4257B6B7}"
EndProject
Global
	GlobalSection(SolutionConfigurationPlatforms) = preSolution
		Debug|Any CPU = Debug|Any CPU
		Release|Any CPU = Release|Any CPU
	EndGlobalSection
	GlobalSection(ProjectConfigurationPlatforms) = postSolution
		{DB372358-1604-4BF4-9A2A-87FD4257B6B7}.Debug|Any CPU.ActiveCfg = Debug|Any CPU
		{DB372358-1604-4BF4-9A2A-87FD4257B6B7}.Debug|Any CPU.Build.0 = Debug|Any CPU
		{DB372358-1604-4BF4-9A2A-87FD4257B6B7}.Release|Any CPU.ActiveCfg = Release|Any CPU
		{DB372358-1604-4BF4-9A2A-87FD4257B6B7}.Release|Any CPU.Build.0 = Release|Any CPU
	EndGlobalSection
	GlobalSection(SolutionProperties) = preSolution
		HideSolutionNode = FALSE
	EndGlobalSection
	GlobalSection(ExtensibilityGlobals) = postSolution
		SolutionGuid = {119240EC-14CC-4868-8C59-56B8DC5B2044}
	EndGlobalSection
EndGlobal
